{
  "name": "file_contract_test",
  "version": "0.0.1",
  "lockfileVersion": 1,
  "requires": true,
  "dependencies": {
    "ava": {
      "version": "1.4.1",
      "resolved": "https://registry.npmjs.org/ava/-/ava-1.4.1.tgz",
      "integrity": "sha512-wKpgOPTL7hJSBWpfbU4SA8rlsTZrph9g9g7qYDV7M6uK1rKeW8oCUJWRwCd8B24S4N0Y5myf6cTEnA66WIk0sA==",
      "dev": true,
      "requires": {
        "array-uniq": "^2.0.0",
        "globby": "^7.1.1",
        "make-dir": "^2.1.0",
        "ms": "^2.1.1",
        "strip-ansi": "^5.2.0",
        "supports-color": "^6.1.0"
      }
    },
    "bluebird": {
      "version": "3.5.4",
      "resolved": "https://registry.npmjs.org/bluebird/-/bluebird-3.5.4.tgz",
      "integrity": "sha512-FG+nFEZChJrbQ9tIccIfZJBz3J7mLrAhxakAbnrJWn8d7aKOC+LWifa0G+p4ZqKp4y13T7juYvdhq9NzKdsrjw=="
    },
    "solc_compile": {
      "version": "0.1.0",
      "resolved": "https://registry.npmjs.org/solc_compile/-/solc_compile-0.1.0.tgz",
      "integrity": "sha512-rEBUXJ6YeUZlZsoKZe1b0jXl0c5ILb8aEJUVT6QtfhbD2ZtsMCPN6dJFeroOeTlg4oX+RlvHX3FGNH3OvLajzg==",
      "dev": true,
      "requires": {
        "lodash": "^4.17.11"
      }
    },
    "web3": {
      "version": "1.0.0-beta.54",
      "resolved": "https://registry.npmjs.org/web3/-/web3-1.0.0-beta.54.tgz",
      "integrity": "sha512-rMQaLFwBNR3Lc8Npa9uasdkJKhsnp2FrDA0r8J814mU1VITkAG7l8NPICrlUaDLNiQn0bf6QnONTNujuds+yNg==",
      "requires": {
        "@types/node": "^10.12.18"
      }
    }
  }
}
